
Microsoft Visual Studio Solution File, Format Version 12.00
# Visual Studio Version 16
VisualStudioVersion = 16.0.31702.278
MinimumVisualStudioVersion = 10.0.40219.1
Project("{FAE04EC0-301F-11D3-BF4B-00C04F79EFBC}") = "kutyák", "kutyák\kutyák.csproj", "{478FCC58-C95B-49FD-A0F8-6C80DA6F5FB2}"
EndProject
Global
	GlobalSection(SolutionConfigurationPlatforms) = preSolution
		Debug|Any CPU = Debug|Any CPU
		Release|Any CPU = Release|Any CPU
	EndGlobalSection
	GlobalSection(ProjectConfigurationPlatforms) = postSolution
		{478FCC58-C95B-49FD-A0F8-6C80DA6F5FB2}.Debug|Any CPU.ActiveCfg = Debug|Any CPU
		{478FCC58-C95B-49FD-A0F8-6C80DA6F5FB2}.Debug|Any CPU.Build.0 = Debug|Any CPU
		{478FCC58-C95B-49FD-A0F8-6C80DA6F5FB2}.Release|Any CPU.ActiveCfg = Release|Any CPU
		{478FCC58-C95B-49FD-A0F8-6C80DA6F5FB2}.Release|Any CPU.Build.0 = Release|Any CPU
	EndGlobalSection
	GlobalSection(SolutionProperties) = preSolution
		HideSolutionNode = FALSE
	EndGlobalSection
	GlobalSection(ExtensibilityGlobals) = postSolution
		SolutionGuid = {4824876C-370D-4024-A4D0-1A32AE78DBAC}
	EndGlobalSection
EndGlobal
