
Microsoft Visual Studio Solution File, Format Version 12.00
# Visual Studio Version 16
VisualStudioVersion = 16.0.31727.386
MinimumVisualStudioVersion = 10.0.40219.1
Project("{FAE04EC0-301F-11D3-BF4B-00C04F79EFBC}") = "Console_probavizsga", "Console_probavizsga\Console_probavizsga.csproj", "{3AE970D3-359F-44AB-8138-08B44EC2F99E}"
EndProject
Global
	GlobalSection(SolutionConfigurationPlatforms) = preSolution
		Debug|Any CPU = Debug|Any CPU
		Release|Any CPU = Release|Any CPU
	EndGlobalSection
	GlobalSection(ProjectConfigurationPlatforms) = postSolution
		{3AE970D3-359F-44AB-8138-08B44EC2F99E}.Debug|Any CPU.ActiveCfg = Debug|Any CPU
		{3AE970D3-359F-44AB-8138-08B44EC2F99E}.Debug|Any CPU.Build.0 = Debug|Any CPU
		{3AE970D3-359F-44AB-8138-08B44EC2F99E}.Release|Any CPU.ActiveCfg = Release|Any CPU
		{3AE970D3-359F-44AB-8138-08B44EC2F99E}.Release|Any CPU.Build.0 = Release|Any CPU
	EndGlobalSection
	GlobalSection(SolutionProperties) = preSolution
		HideSolutionNode = FALSE
	EndGlobalSection
	GlobalSection(ExtensibilityGlobals) = postSolution
		SolutionGuid = {65FD3FA3-7D61-4381-AC8D-BDC1121A0803}
	EndGlobalSection
EndGlobal
